
Microsoft Visual Studio Solution File, Format Version 12.00
# Visual Studio Version 16
VisualStudioVersion = 16.0.29806.167
MinimumVisualStudioVersion = 10.0.40219.1
Project("{2150E333-8FDC-42A3-9474-1A3956D46DE8}") = "src", "src", "{2CD29EBD-25E7-499A-85C5-9E0F05072646}"
EndProject
Project("{2150E333-8FDC-42A3-9474-1A3956D46DE8}") = "test", "test", "{7850F55E-0815-4A3E-B9F2-1D7F21BF0ECD}"
EndProject
Project("{9A19103F-16F7-4668-BE54-9A1E7A4F7556}") = "Vickn.UPush.Component.Sdk", "src\Vickn.UMeng.Component.Sdk\Vickn.UPush.Component.Sdk.csproj", "{20C23D69-1A80-4E34-8CC5-7A064ACA61D8}"
EndProject
Project("{9A19103F-16F7-4668-BE54-9A1E7A4F7556}") = "Vickn.UPush.Component.Sdk.Test", "test\Vickn.UMeng.Component.Sdk.Test\Vickn.UPush.Component.Sdk.Test.csproj", "{C02BDCC6-8C72-42BE-B295-93AF6ECFA3F8}"
EndProject
Global
	GlobalSection(SolutionConfigurationPlatforms) = preSolution
		Debug|Any CPU = Debug|Any CPU
		Release|Any CPU = Release|Any CPU
	EndGlobalSection
	GlobalSection(ProjectConfigurationPlatforms) = postSolution
		{20C23D69-1A80-4E34-8CC5-7A064ACA61D8}.Debug|Any CPU.ActiveCfg = Debug|Any CPU
		{20C23D69-1A80-4E34-8CC5-7A064ACA61D8}.Debug|Any CPU.Build.0 = Debug|Any CPU
		{20C23D69-1A80-4E34-8CC5-7A064ACA61D8}.Release|Any CPU.ActiveCfg = Release|Any CPU
		{20C23D69-1A80-4E34-8CC5-7A064ACA61D8}.Release|Any CPU.Build.0 = Release|Any CPU
		{C02BDCC6-8C72-42BE-B295-93AF6ECFA3F8}.Debug|Any CPU.ActiveCfg = Debug|Any CPU
		{C02BDCC6-8C72-42BE-B295-93AF6ECFA3F8}.Debug|Any CPU.Build.0 = Debug|Any CPU
		{C02BDCC6-8C72-42BE-B295-93AF6ECFA3F8}.Release|Any CPU.ActiveCfg = Release|Any CPU
		{C02BDCC6-8C72-42BE-B295-93AF6ECFA3F8}.Release|Any CPU.Build.0 = Release|Any CPU
	EndGlobalSection
	GlobalSection(SolutionProperties) = preSolution
		HideSolutionNode = FALSE
	EndGlobalSection
	GlobalSection(NestedProjects) = preSolution
		{20C23D69-1A80-4E34-8CC5-7A064ACA61D8} = {2CD29EBD-25E7-499A-85C5-9E0F05072646}
		{C02BDCC6-8C72-42BE-B295-93AF6ECFA3F8} = {7850F55E-0815-4A3E-B9F2-1D7F21BF0ECD}
	EndGlobalSection
	GlobalSection(ExtensibilityGlobals) = postSolution
		SolutionGuid = {EDBDD840-9C6F-43FF-BC02-A936467F9C21}
	EndGlobalSection
EndGlobal
